{
  "version": 4,
  "terraform_version": "1.15.2",
  "serial": 16,
  "lineage": "c50ab3aa-0f1f-4192-a953-975c65de02bd",
  "outputs": {
    "ecr_registry_id": {
      "value": "197826770971",
      "type": "string"
    },
    "ecr_repository_url": {
      "value": "197826770971.dkr.ecr.ap-southeast-1.amazonaws.com/tf-2-ai-engine",
      "type": "string"
    }
  },
  "resources": [
    {
      "mode": "data",
      "type": "aws_caller_identity",
      "name": "current",
      "provider": "provider[\"registry.terraform.io/hashicorp/aws\"]",
      "instances": [
        {
          "schema_version": 0,
          "attributes": {
            "account_id": "197826770971",
            "arn": "arn:aws:iam::197826770971:user/hieu-AdminAccess",
            "id": "197826770971",
            "user_id": "AIDAS4D3E7AN5J3KQUFX2"
          },
          "sensitive_attributes": [],
          "identity_schema_version": 0
        }
      ]
    },
    {
      "mode": "managed",
      "type": "aws_ecr_repository",
      "name": "ai_engine",
      "provider": "provider[\"registry.terraform.io/hashicorp/aws\"]",
      "instances": [
        {
          "schema_version": 0,
          "attributes": {
            "arn": "arn:aws:ecr:ap-southeast-1:197826770971:repository/tf-2-ai-engine",
            "encryption_configuration": [
              {
                "encryption_type": "KMS",
                "kms_key": "arn:aws:kms:ap-southeast-1:197826770971:key/993b074a-2a3b-4090-b208-895c17b76b31"
              }
            ],
            "force_delete": null,
            "id": "tf-2-ai-engine",
            "image_scanning_configuration": [
              {
                "scan_on_push": true
              }
            ],
            "image_tag_mutability": "MUTABLE",
            "image_tag_mutability_exclusion_filter": [],
            "name": "tf-2-ai-engine",
            "region": "ap-southeast-1",
            "registry_id": "197826770971",
            "repository_url": "197826770971.dkr.ecr.ap-southeast-1.amazonaws.com/tf-2-ai-engine",
            "tags": {
              "Environment": "production",
              "Owner": "AI-Team",
              "Project": "FinOps-AIOps",
              "TaskForce": "2"
            },
            "tags_all": {
              "Environment": "production",
              "Owner": "AI-Team",
              "Project": "FinOps-AIOps",
              "TaskForce": "2"
            },
            "timeouts": null
          },
          "sensitive_attributes": [],
          "identity_schema_version": 0,
          "identity": {
            "account_id": "197826770971",
            "name": "tf-2-ai-engine",
            "region": "ap-southeast-1"
          },
          "private": "eyJlMmJmYjczMC1lY2FhLTExZTYtOGY4OC0zNDM2M2JjN2M0YzAiOnsiZGVsZXRlIjoxMjAwMDAwMDAwMDAwfSwic2NoZW1hX3ZlcnNpb24iOiIwIn0="
        }
      ]
    }
  ],
  "check_results": null
}
